
Microsoft Visual Studio Solution File, Format Version 12.00
# Visual Studio Version 16
VisualStudioVersion = 16.0.32228.343
MinimumVisualStudioVersion = 10.0.40219.1
Project("{FAE04EC0-301F-11D3-BF4B-00C04F79EFBC}") = "Dolgozo", "Dolgozo\Dolgozo.csproj", "{6CDE4276-1310-4AD3-84A1-FD1624986023}"
EndProject
Global
	GlobalSection(SolutionConfigurationPlatforms) = preSolution
		Debug|Any CPU = Debug|Any CPU
		Release|Any CPU = Release|Any CPU
	EndGlobalSection
	GlobalSection(ProjectConfigurationPlatforms) = postSolution
		{6CDE4276-1310-4AD3-84A1-FD1624986023}.Debug|Any CPU.ActiveCfg = Debug|Any CPU
		{6CDE4276-1310-4AD3-84A1-FD1624986023}.Debug|Any CPU.Build.0 = Debug|Any CPU
		{6CDE4276-1310-4AD3-84A1-FD1624986023}.Release|Any CPU.ActiveCfg = Release|Any CPU
		{6CDE4276-1310-4AD3-84A1-FD1624986023}.Release|Any CPU.Build.0 = Release|Any CPU
	EndGlobalSection
	GlobalSection(SolutionProperties) = preSolution
		HideSolutionNode = FALSE
	EndGlobalSection
	GlobalSection(ExtensibilityGlobals) = postSolution
		SolutionGuid = {81459F49-51CE-47C2-BA27-27E08BE046ED}
	EndGlobalSection
EndGlobal
